// !$*UTF8*$!
{
	archiveVersion = 1;
	classes = {
	};
	objectVersion = 46;
	objects = {

/* Begin PBXBuildFile section */
		5B0C4D1C1CB7ADF100A858DD /* AppDelegate.swift in Sources */ = {isa = PBXBuildFile; fileRef = 5B0C4D1B1CB7ADF100A858DD /* AppDelegate.swift */; };
		5B0C4D1E1CB7ADF100A858DD /* ViewController.swift in Sources */ = {isa = PBXBuildFile; fileRef = 5B0C4D1D1CB7ADF100A858DD /* ViewController.swift */; };
		5B0C4D201CB7ADF100A858DD /* Assets.xcassets in Resources */ = {isa = PBXBuildFile; fileRef = 5B0C4D1F1CB7ADF100A858DD /* Assets.xcassets */; };
		5B0C4D231CB7ADF100A858DD /* Main.storyboard in Resources */ = {isa = PBXBuildFile; fileRef = 5B0C4D211CB7ADF100A858DD /* Main.storyboard */; };
		5B0C4D2E1CB7ADF100A858DD /* CSTests.swift in Sources */ = {isa = PBXBuildFile; fileRef = 5B0C4D2D1CB7ADF100A858DD /* CSTests.swift */; };
		5B0C4D391CB7ADF100A858DD /* CSUITests.swift in Sources */ = {isa = PBXBuildFile; fileRef = 5B0C4D381CB7ADF100A858DD /* CSUITests.swift */; };
		A0E8CCEFA59B673F4DFE8EAB /* Pods_CS.framework in Frameworks */ = {isa = PBXBuildFile; fileRef = 8A84944E411159F0009FC01C /* Pods_CS.framework */; };
/* End PBXBuildFile section */

/* Begin PBXContainerItemProxy section */
		5B0C4D2A1CB7ADF100A858DD /* PBXContainerItemProxy */ = {
			isa = PBXContainerItemProxy;
			containerPortal = 5B0C4D101CB7ADF100A858DD /* Project object */;
			proxyType = 1;
			remoteGlobalIDString = 5B0C4D171CB7ADF100A858DD;
			remoteInfo = CS;
		};
		5B0C4D351CB7ADF100A858DD /* PBXContainerItemProxy */ = {
			isa = PBXContainerItemProxy;
			containerPortal = 5B0C4D101CB7ADF100A858DD /* Project object */;
			proxyType = 1;
			remoteGlobalIDString = 5B0C4D171CB7ADF100A858DD;
			remoteInfo = CS;
		};
/* End PBXContainerItemProxy section */

/* Begin PBXFileReference section */
		31182A88CF7ED0DEE269C1A1 /* Pods-CS.debug.xcconfig */ = {isa = PBXFileReference; includeInIndex = 1; lastKnownFileType = text.xcconfig; name = "Pods-CS.debug.xcconfig"; path = "Pods/Target Support Files/Pods-CS/Pods-CS.debug.xcconfig"; sourceTree = "<group>"; };
		5B0BFC271CB802D500E65A96 /* GlobalClone00001.TLL */ = {isa = PBXFileReference; fileEncoding = 4; lastKnownFileType = text.xml; path = GlobalClone00001.TLL; sourceTree = "<group>"; };
		5B0C4D181CB7ADF100A858DD /* ChannelSorter.app */ = {isa = PBXFileReference; explicitFileType = wrapper.application; includeInIndex = 0; path = ChannelSorter.app; sourceTree = BUILT_PRODUCTS_DIR; };
		5B0C4D1B1CB7ADF100A858DD /* AppDelegate.swift */ = {isa = PBXFileReference; lastKnownFileType = sourcecode.swift; path = AppDelegate.swift; sourceTree = "<group>"; };
		5B0C4D1D1CB7ADF100A858DD /* ViewController.swift */ = {isa = PBXFileReference; lastKnownFileType = sourcecode.swift; path = ViewController.swift; sourceTree = "<group>"; };
		5B0C4D1F1CB7ADF100A858DD /* Assets.xcassets */ = {isa = PBXFileReference; lastKnownFileType = folder.assetcatalog; path = Assets.xcassets; sourceTree = "<group>"; };
		5B0C4D221CB7ADF100A858DD /* Base */ = {isa = PBXFileReference; lastKnownFileType = file.storyboard; name = Base; path = Base.lproj/Main.storyboard; sourceTree = "<group>"; };
		5B0C4D241CB7ADF100A858DD /* Info.plist */ = {isa = PBXFileReference; lastKnownFileType = text.plist.xml; path = Info.plist; sourceTree = "<group>"; };
		5B0C4D291CB7ADF100A858DD /* CSTests.xctest */ = {isa = PBXFileReference; explicitFileType = wrapper.cfbundle; includeInIndex = 0; path = CSTests.xctest; sourceTree = BUILT_PRODUCTS_DIR; };
		5B0C4D2D1CB7ADF100A858DD /* CSTests.swift */ = {isa = PBXFileReference; lastKnownFileType = sourcecode.swift; path = CSTests.swift; sourceTree = "<group>"; };
		5B0C4D2F1CB7ADF100A858DD /* Info.plist */ = {isa = PBXFileReference; lastKnownFileType = text.plist.xml; path = Info.plist; sourceTree = "<group>"; };
		5B0C4D341CB7ADF100A858DD /* CSUITests.xctest */ = {isa = PBXFileReference; explicitFileType = wrapper.cfbundle; includeInIndex = 0; path = CSUITests.xctest; sourceTree = BUILT_PRODUCTS_DIR; };
		5B0C4D381CB7ADF100A858DD /* CSUITests.swift */ = {isa = PBXFileReference; lastKnownFileType = sourcecode.swift; path = CSUITests.swift; sourceTree = "<group>"; };
		5B0C4D3A1CB7ADF100A858DD /* Info.plist */ = {isa = PBXFileReference; lastKnownFileType = text.plist.xml; path = Info.plist; sourceTree = "<group>"; };
		8A84944E411159F0009FC01C /* Pods_CS.framework */ = {isa = PBXFileReference; explicitFileType = wrapper.framework; includeInIndex = 0; path = Pods_CS.framework; sourceTree = BUILT_PRODUCTS_DIR; };
		C9B6466967FF4EE181A3C7DA /* Pods-CS.release.xcconfig */ = {isa = PBXFileReference; includeInIndex = 1; lastKnownFileType = text.xcconfig; name = "Pods-CS.release.xcconfig"; path = "Pods/Target Support Files/Pods-CS/Pods-CS.release.xcconfig"; sourceTree = "<group>"; };
/* End PBXFileReference section */

/* Begin PBXFrameworksBuildPhase section */
		5B0C4D151CB7ADF100A858DD /* Frameworks */ = {
			isa = PBXFrameworksBuildPhase;
			buildActionMask = 2147483647;
			files = (
				A0E8CCEFA59B673F4DFE8EAB /* Pods_CS.framework in Frameworks */,
			);
			runOnlyForDeploymentPostprocessing = 0;
		};
		5B0C4D261CB7ADF100A858DD /* Frameworks */ = {
			isa = PBXFrameworksBuildPhase;
			buildActionMask = 2147483647;
			files = (
			);
			runOnlyForDeploymentPostprocessing = 0;
		};
		5B0C4D311CB7ADF100A858DD /* Frameworks */ = {
			isa = PBXFrameworksBuildPhase;
			buildActionMask = 2147483647;
			files = (
			);
			runOnlyForDeploymentPostprocessing = 0;
		};
/* End PBXFrameworksBuildPhase section */

/* Begin PBXGroup section */
		5B0C4D0F1CB7ADF100A858DD = {
			isa = PBXGroup;
			children = (
				5B0BFC271CB802D500E65A96 /* GlobalClone00001.TLL */,
				5B0C4D1A1CB7ADF100A858DD /* CS */,
				5B0C4D2C1CB7ADF100A858DD /* CSTests */,
				5B0C4D371CB7ADF100A858DD /* CSUITests */,
				5B0C4D191CB7ADF100A858DD /* Products */,
				5C233CC3592E6F88140F75FE /* Pods */,
				65A1CBFADC1B4DE64E1A1F16 /* Frameworks */,
			);
			sourceTree = "<group>";
		};
		5B0C4D191CB7ADF100A858DD /* Products */ = {
			isa = PBXGroup;
			children = (
				5B0C4D181CB7ADF100A858DD /* ChannelSorter.app */,
				5B0C4D291CB7ADF100A858DD /* CSTests.xctest */,
				5B0C4D341CB7ADF100A858DD /* CSUITests.xctest */,
			);
			name = Products;
			sourceTree = "<group>";
		};
		5B0C4D1A1CB7ADF100A858DD /* CS */ = {
			isa = PBXGroup;
			children = (
				5B0C4D1B1CB7ADF100A858DD /* AppDelegate.swift */,
				5B0C4D1D1CB7ADF100A858DD /* ViewController.swift */,
				5B0C4D1F1CB7ADF100A858DD /* Assets.xcassets */,
				5B0C4D211CB7ADF100A858DD /* Main.storyboard */,
				5B0C4D241CB7ADF100A858DD /* Info.plist */,
			);
			path = CS;
			sourceTree = "<group>";
		};
		5B0C4D2C1CB7ADF100A858DD /* CSTests */ = {
			isa = PBXGroup;
			children = (
				5B0C4D2D1CB7ADF100A858DD /* CSTests.swift */,
				5B0C4D2F1CB7ADF100A858DD /* Info.plist */,
			);
			path = CSTests;
			sourceTree = "<group>";
		};
		5B0C4D371CB7ADF100A858DD /* CSUITests */ = {
			isa = PBXGroup;
			children = (
				5B0C4D381CB7ADF100A858DD /* CSUITests.swift */,
				5B0C4D3A1CB7ADF100A858DD /* Info.plist */,
			);
			path = CSUITests;
			sourceTree = "<group>";
		};
		5C233CC3592E6F88140F75FE /* Pods */ = {
			isa = PBXGroup;
			children = (
				31182A88CF7ED0DEE269C1A1 /* Pods-CS.debug.xcconfig */,
				C9B6466967FF4EE181A3C7DA /* Pods-CS.release.xcconfig */,
			);
			name = Pods;
			sourceTree = "<group>";
		};
		65A1CBFADC1B4DE64E1A1F16 /* Frameworks */ = {
			isa = PBXGroup;
			children = (
				8A84944E411159F0009FC01C /* Pods_CS.framework */,
			);
			name = Frameworks;
			sourceTree = "<group>";
		};
/* End PBXGroup section */

/* Begin PBXNativeTarget section */
		5B0C4D171CB7ADF100A858DD /* ChannelSorter */ = {
			isa = PBXNativeTarget;
			buildConfigurationList = 5B0C4D3D1CB7ADF100A858DD /* Build configuration list for PBXNativeTarget "ChannelSorter" */;
			buildPhases = (
				FE6B93FB1E7D126146A99F76 /* 📦 Check Pods Manifest.lock */,
				5B0C4D141CB7ADF100A858DD /* Sources */,
				5B0C4D151CB7ADF100A858DD /* Frameworks */,
				5B0C4D161CB7ADF100A858DD /* Resources */,
				10DDF27EFBEDF371F18300D7 /* 📦 Embed Pods Frameworks */,
				04E33AA97EF140356518CB0C /* 📦 Copy Pods Resources */,
			);
			buildRules = (
			);
			dependencies = (
			);
			name = ChannelSorter;
			productName = CS;
			productReference = 5B0C4D181CB7ADF100A858DD /* ChannelSorter.app */;
			productType = "com.apple.product-type.application";
		};
		5B0C4D281CB7ADF100A858DD /* CSTests */ = {
			isa = PBXNativeTarget;
			buildConfigurationList = 5B0C4D401CB7ADF100A858DD /* Build configuration list for PBXNativeTarget "CSTests" */;
			buildPhases = (
				5B0C4D251CB7ADF100A858DD /* Sources */,
				5B0C4D261CB7ADF100A858DD /* Frameworks */,
				5B0C4D271CB7ADF100A858DD /* Resources */,
			);
			buildRules = (
			);
			dependencies = (
				5B0C4D2B1CB7ADF100A858DD /* PBXTargetDependency */,
			);
			name = CSTests;
			productName = CSTests;
			productReference = 5B0C4D291CB7ADF100A858DD /* CSTests.xctest */;
			productType = "com.apple.product-type.bundle.unit-test";
		};
		5B0C4D331CB7ADF100A858DD /* CSUITests */ = {
			isa = PBXNativeTarget;
			buildConfigurationList = 5B0C4D431CB7ADF100A858DD /* Build configuration list for PBXNativeTarget "CSUITests" */;
			buildPhases = (
				5B0C4D301CB7ADF100A858DD /* Sources */,
				5B0C4D311CB7ADF100A858DD /* Frameworks */,
				5B0C4D321CB7ADF100A858DD /* Resources */,
			);
			buildRules = (
			);
			dependencies = (
				5B0C4D361CB7ADF100A858DD /* PBXTargetDependency */,
			);
			name = CSUITests;
			productName = CSUITests;
			productReference = 5B0C4D341CB7ADF100A858DD /* CSUITests.xctest */;
			productType = "com.apple.product-type.bundle.ui-testing";
		};
/* End PBXNativeTarget section */

/* Begin PBXProject section */
		5B0C4D101CB7ADF100A858DD /* Project object */ = {
			isa = PBXProject;
			attributes = {
				LastSwiftUpdateCheck = 0730;
				LastUpgradeCheck = 0730;
				ORGANIZATIONNAME = Raketenmann;
				TargetAttributes = {
					5B0C4D171CB7ADF100A858DD = {
						CreatedOnToolsVersion = 7.3;
					};
					5B0C4D281CB7ADF100A858DD = {
						CreatedOnToolsVersion = 7.3;
						TestTargetID = 5B0C4D171CB7ADF100A858DD;
					};
					5B0C4D331CB7ADF100A858DD = {
						CreatedOnToolsVersion = 7.3;
						TestTargetID = 5B0C4D171CB7ADF100A858DD;
					};
				};
			};
			buildConfigurationList = 5B0C4D131CB7ADF100A858DD /* Build configuration list for PBXProject "CS" */;
			compatibilityVersion = "Xcode 3.2";
			developmentRegion = English;
			hasScannedForEncodings = 0;
			knownRegions = (
				en,
				Base,
			);
			mainGroup = 5B0C4D0F1CB7ADF100A858DD;
			productRefGroup = 5B0C4D191CB7ADF100A858DD /* Products */;
			projectDirPath = "";
			projectRoot = "";
			targets = (
				5B0C4D171CB7ADF100A858DD /* ChannelSorter */,
				5B0C4D281CB7ADF100A858DD /* CSTests */,
				5B0C4D331CB7ADF100A858DD /* CSUITests */,
			);
		};
/* End PBXProject section */

/* Begin PBXResourcesBuildPhase section */
		5B0C4D161CB7ADF100A858DD /* Resources */ = {
			isa = PBXResourcesBuildPhase;
			buildActionMask = 2147483647;
			files = (
				5B0C4D201CB7ADF100A858DD /* Assets.xcassets in Resources */,
				5B0C4D231CB7ADF100A858DD /* Main.storyboard in Resources */,
			);
			runOnlyForDeploymentPostprocessing = 0;
		};
		5B0C4D271CB7ADF100A858DD /* Resources */ = {
			isa = PBXResourcesBuildPhase;
			buildActionMask = 2147483647;
			files = (
			);
			runOnlyForDeploymentPostprocessing = 0;
		};
		5B0C4D321CB7ADF100A858DD /* Resources */ = {
			isa = PBXResourcesBuildPhase;
			buildActionMask = 2147483647;
			files = (
			);
			runOnlyForDeploymentPostprocessing = 0;
		};
/* End PBXResourcesBuildPhase section */

/* Begin PBXShellScriptBuildPhase section */
		04E33AA97EF140356518CB0C /* 📦 Copy Pods Resources */ = {
			isa = PBXShellScriptBuildPhase;
			buildActionMask = 2147483647;
			files = (
			);
			inputPaths = (
			);
			name = "📦 Copy Pods Resources";
			outputPaths = (
			);
			runOnlyForDeploymentPostprocessing = 0;
			shellPath = /bin/sh;
			shellScript = "\"${SRCROOT}/Pods/Target Support Files/Pods-CS/Pods-CS-resources.sh\"\n";
			showEnvVarsInLog = 0;
		};
		10DDF27EFBEDF371F18300D7 /* 📦 Embed Pods Frameworks */ = {
			isa = PBXShellScriptBuildPhase;
			buildActionMask = 2147483647;
			files = (
			);
			inputPaths = (
			);
			name = "📦 Embed Pods Frameworks";
			outputPaths = (
			);
			runOnlyForDeploymentPostprocessing = 0;
			shellPath = /bin/sh;
			shellScript = "\"${SRCROOT}/Pods/Target Support Files/Pods-CS/Pods-CS-frameworks.sh\"\n";
			showEnvVarsInLog = 0;
		};
		FE6B93FB1E7D126146A99F76 /* 📦 Check Pods Manifest.lock */ = {
			isa = PBXShellScriptBuildPhase;
			buildActionMask = 2147483647;
			files = (
			);
			inputPaths = (
			);
			name = "📦 Check Pods Manifest.lock";
			outputPaths = (
			);
			runOnlyForDeploymentPostprocessing = 0;
			shellPath = /bin/sh;
			shellScript = "diff \"${PODS_ROOT}/../Podfile.lock\" \"${PODS_ROOT}/Manifest.lock\" > /dev/null\nif [[ $? != 0 ]] ; then\n    cat << EOM\nerror: The sandbox is not in sync with the Podfile.lock. Run 'pod install' or update your CocoaPods installation.\nEOM\n    exit 1\nfi\n";
			showEnvVarsInLog = 0;
		};
/* End PBXShellScriptBuildPhase section */

/* Begin PBXSourcesBuildPhase section */
		5B0C4D141CB7ADF100A858DD /* Sources */ = {
			isa = PBXSourcesBuildPhase;
			buildActionMask = 2147483647;
			files = (
				5B0C4D1E1CB7ADF100A858DD /* ViewController.swift in Sources */,
				5B0C4D1C1CB7ADF100A858DD /* AppDelegate.swift in Sources */,
			);
			runOnlyForDeploymentPostprocessing = 0;
		};
		5B0C4D251CB7ADF100A858DD /* Sources */ = {
			isa = PBXSourcesBuildPhase;
			buildActionMask = 2147483647;
			files = (
				5B0C4D2E1CB7ADF100A858DD /* CSTests.swift in Sources */,
			);
			runOnlyForDeploymentPostprocessing = 0;
		};
		5B0C4D301CB7ADF100A858DD /* Sources */ = {
			isa = PBXSourcesBuildPhase;
			buildActionMask = 2147483647;
			files = (
				5B0C4D391CB7ADF100A858DD /* CSUITests.swift in Sources */,
			);
			runOnlyForDeploymentPostprocessing = 0;
		};
/* End PBXSourcesBuildPhase section */

/* Begin PBXTargetDependency section */
		5B0C4D2B1CB7ADF100A858DD /* PBXTargetDependency */ = {
			isa = PBXTargetDependency;
			target = 5B0C4D171CB7ADF100A858DD /* ChannelSorter */;
			targetProxy = 5B0C4D2A1CB7ADF100A858DD /* PBXContainerItemProxy */;
		};
		5B0C4D361CB7ADF100A858DD /* PBXTargetDependency */ = {
			isa = PBXTargetDependency;
			target = 5B0C4D171CB7ADF100A858DD /* ChannelSorter */;
			targetProxy = 5B0C4D351CB7ADF100A858DD /* PBXContainerItemProxy */;
		};
/* End PBXTargetDependency section */

/* Begin PBXVariantGroup section */
		5B0C4D211CB7ADF100A858DD /* Main.storyboard */ = {
			isa = PBXVariantGroup;
			children = (
				5B0C4D221CB7ADF100A858DD /* Base */,
			);
			name = Main.storyboard;
			sourceTree = "<group>";
		};
/* End PBXVariantGroup section */

/* Begin XCBuildConfiguration section */
		5B0C4D3B1CB7ADF100A858DD /* Debug */ = {
			isa = XCBuildConfiguration;
			buildSettings = {
				ALWAYS_SEARCH_USER_PATHS = NO;
				CLANG_ANALYZER_NONNULL = YES;
				CLANG_CXX_LANGUAGE_STANDARD = "gnu++0x";
				CLANG_CXX_LIBRARY = "libc++";
				CLANG_ENABLE_MODULES = YES;
				CLANG_ENABLE_OBJC_ARC = YES;
				CLANG_WARN_BOOL_CONVERSION = YES;
				CLANG_WARN_CONSTANT_CONVERSION = YES;
				CLANG_WARN_DIRECT_OBJC_ISA_USAGE = YES_ERROR;
				CLANG_WARN_EMPTY_BODY = YES;
				CLANG_WARN_ENUM_CONVERSION = YES;
				CLANG_WARN_INT_CONVERSION = YES;
				CLANG_WARN_OBJC_ROOT_CLASS = YES_ERROR;
				CLANG_WARN_UNREACHABLE_CODE = YES;
				CLANG_WARN__DUPLICATE_METHOD_MATCH = YES;
				CODE_SIGN_IDENTITY = "-";
				COPY_PHASE_STRIP = NO;
				DEBUG_INFORMATION_FORMAT = dwarf;
				ENABLE_STRICT_OBJC_MSGSEND = YES;
				ENABLE_TESTABILITY = YES;
				GCC_C_LANGUAGE_STANDARD = gnu99;
				GCC_DYNAMIC_NO_PIC = NO;
				GCC_NO_COMMON_BLOCKS = YES;
				GCC_OPTIMIZATION_LEVEL = 0;
				GCC_PREPROCESSOR_DEFINITIONS = (
					"DEBUG=1",
					"$(inherited)",
				);
				GCC_WARN_64_TO_32_BIT_CONVERSION = YES;
				GCC_WARN_ABOUT_RETURN_TYPE = YES_ERROR;
				GCC_WARN_UNDECLARED_SELECTOR = YES;
				GCC_WARN_UNINITIALIZED_AUTOS = YES_AGGRESSIVE;
				GCC_WARN_UNUSED_FUNCTION = YES;
				GCC_WARN_UNUSED_VARIABLE = YES;
				MACOSX_DEPLOYMENT_TARGET = 10.11;
				MTL_ENABLE_DEBUG_INFO = YES;
				ONLY_ACTIVE_ARCH = YES;
				SDKROOT = macosx;
				SWIFT_OPTIMIZATION_LEVEL = "-Onone";
			};
			name = Debug;
		};
		5B0C4D3C1CB7ADF100A858DD /* Release */ = {
			isa = XCBuildConfiguration;
			buildSettings = {
				ALWAYS_SEARCH_USER_PATHS = NO;
				CLANG_ANALYZER_NONNULL = YES;
				CLANG_CXX_LANGUAGE_STANDARD = "gnu++0x";
				CLANG_CXX_LIBRARY = "libc++";
				CLANG_ENABLE_MODULES = YES;
				CLANG_ENABLE_OBJC_ARC = YES;
				CLANG_WARN_BOOL_CONVERSION = YES;
				CLANG_WARN_CONSTANT_CONVERSION = YES;
				CLANG_WARN_DIRECT_OBJC_ISA_USAGE = YES_ERROR;
				CLANG_WARN_EMPTY_BODY = YES;
				CLANG_WARN_ENUM_CONVERSION = YES;
				CLANG_WARN_INT_CONVERSION = YES;
				CLANG_WARN_OBJC_ROOT_CLASS = YES_ERROR;
				CLANG_WARN_UNREACHABLE_CODE = YES;
				CLANG_WARN__DUPLICATE_METHOD_MATCH = YES;
				CODE_SIGN_IDENTITY = "-";
				COPY_PHASE_STRIP = NO;
				DEBUG_INFORMATION_FORMAT = "dwarf-with-dsym";
				ENABLE_NS_ASSERTIONS = NO;
				ENABLE_STRICT_OBJC_MSGSEND = YES;
				GCC_C_LANGUAGE_STANDARD = gnu99;
				GCC_NO_COMMON_BLOCKS = YES;
				GCC_WARN_64_TO_32_BIT_CONVERSION = YES;
				GCC_WARN_ABOUT_RETURN_TYPE = YES_ERROR;
				GCC_WARN_UNDECLARED_SELECTOR = YES;
				GCC_WARN_UNINITIALIZED_AUTOS = YES_AGGRESSIVE;
				GCC_WARN_UNUSED_FUNCTION = YES;
				GCC_WARN_UNUSED_VARIABLE = YES;
				MACOSX_DEPLOYMENT_TARGET = 10.11;
				MTL_ENABLE_DEBUG_INFO = NO;
				SDKROOT = macosx;
			};
			name = Release;
		};
		5B0C4D3E1CB7ADF100A858DD /* Debug */ = {
			isa = XCBuildConfiguration;
			baseConfigurationReference = 31182A88CF7ED0DEE269C1A1 /* Pods-CS.debug.xcconfig */;
			buildSettings = {
				ASSETCATALOG_COMPILER_APPICON_NAME = AppIcon;
				COMBINE_HIDPI_IMAGES = YES;
				INFOPLIST_FILE = CS/Info.plist;
				LD_RUNPATH_SEARCH_PATHS = "$(inherited) @executable_path/../Frameworks";
				PRODUCT_BUNDLE_IDENTIFIER = de.teambender.CS;
				PRODUCT_NAME = "$(TARGET_NAME)";
			};
			name = Debug;
		};
		5B0C4D3F1CB7ADF100A858DD /* Release */ = {
			isa = XCBuildConfiguration;
			baseConfigurationReference = C9B6466967FF4EE181A3C7DA /* Pods-CS.release.xcconfig */;
			buildSettings = {
				ASSETCATALOG_COMPILER_APPICON_NAME = AppIcon;
				COMBINE_HIDPI_IMAGES = YES;
				INFOPLIST_FILE = CS/Info.plist;
				LD_RUNPATH_SEARCH_PATHS = "$(inherited) @executable_path/../Frameworks";
				PRODUCT_BUNDLE_IDENTIFIER = de.teambender.CS;
				PRODUCT_NAME = "$(TARGET_NAME)";
			};
			name = Release;
		};
		5B0C4D411CB7ADF100A858DD /* Debug */ = {
			isa = XCBuildConfiguration;
			buildSettings = {
				BUNDLE_LOADER = "$(TEST_HOST)";
				COMBINE_HIDPI_IMAGES = YES;
				INFOPLIST_FILE = CSTests/Info.plist;
				LD_RUNPATH_SEARCH_PATHS = "$(inherited) @executable_path/../Frameworks @loader_path/../Frameworks";
				PRODUCT_BUNDLE_IDENTIFIER = de.teambender.CSTests;
				PRODUCT_NAME = "$(TARGET_NAME)";
				TEST_HOST = "$(BUILT_PRODUCTS_DIR)/CS.app/Contents/MacOS/CS";
			};
			name = Debug;
		};
		5B0C4D421CB7ADF100A858DD /* Release */ = {
			isa = XCBuildConfiguration;
			buildSettings = {
				BUNDLE_LOADER = "$(TEST_HOST)";
				COMBINE_HIDPI_IMAGES = YES;
				INFOPLIST_FILE = CSTests/Info.plist;
				LD_RUNPATH_SEARCH_PATHS = "$(inherited) @executable_path/../Frameworks @loader_path/../Frameworks";
				PRODUCT_BUNDLE_IDENTIFIER = de.teambender.CSTests;
				PRODUCT_NAME = "$(TARGET_NAME)";
				TEST_HOST = "$(BUILT_PRODUCTS_DIR)/CS.app/Contents/MacOS/CS";
			};
			name = Release;
		};
		5B0C4D441CB7ADF100A858DD /* Debug */ = {
			isa = XCBuildConfiguration;
			buildSettings = {
				COMBINE_HIDPI_IMAGES = YES;
				INFOPLIST_FILE = CSUITests/Info.plist;
				LD_RUNPATH_SEARCH_PATHS = "$(inherited) @executable_path/../Frameworks @loader_path/../Frameworks";
				PRODUCT_BUNDLE_IDENTIFIER = de.teambender.CSUITests;
				PRODUCT_NAME = "$(TARGET_NAME)";
				TEST_TARGET_NAME = CS;
			};
			name = Debug;
		};
		5B0C4D451CB7ADF100A858DD /* Release */ = {
			isa = XCBuildConfiguration;
			buildSettings = {
				COMBINE_HIDPI_IMAGES = YES;
				INFOPLIST_FILE = CSUITests/Info.plist;
				LD_RUNPATH_SEARCH_PATHS = "$(inherited) @executable_path/../Frameworks @loader_path/../Frameworks";
				PRODUCT_BUNDLE_IDENTIFIER = de.teambender.CSUITests;
				PRODUCT_NAME = "$(TARGET_NAME)";
				TEST_TARGET_NAME = CS;
			};
			name = Release;
		};
/* End XCBuildConfiguration section */

/* Begin XCConfigurationList section */
		5B0C4D131CB7ADF100A858DD /* Build configuration list for PBXProject "CS" */ = {
			isa = XCConfigurationList;
			buildConfigurations = (
				5B0C4D3B1CB7ADF100A858DD /* Debug */,
				5B0C4D3C1CB7ADF100A858DD /* Release */,
			);
			defaultConfigurationIsVisible = 0;
			defaultConfigurationName = Release;
		};
		5B0C4D3D1CB7ADF100A858DD /* Build configuration list for PBXNativeTarget "ChannelSorter" */ = {
			isa = XCConfigurationList;
			buildConfigurations = (
				5B0C4D3E1CB7ADF100A858DD /* Debug */,
				5B0C4D3F1CB7ADF100A858DD /* Release */,
			);
			defaultConfigurationIsVisible = 0;
			defaultConfigurationName = Release;
		};
		5B0C4D401CB7ADF100A858DD /* Build configuration list for PBXNativeTarget "CSTests" */ = {
			isa = XCConfigurationList;
			buildConfigurations = (
				5B0C4D411CB7ADF100A858DD /* Debug */,
				5B0C4D421CB7ADF100A858DD /* Release */,
			);
			defaultConfigurationIsVisible = 0;
			defaultConfigurationName = Release;
		};
		5B0C4D431CB7ADF100A858DD /* Build configuration list for PBXNativeTarget "CSUITests" */ = {
			isa = XCConfigurationList;
			buildConfigurations = (
				5B0C4D441CB7ADF100A858DD /* Debug */,
				5B0C4D451CB7ADF100A858DD /* Release */,
			);
			defaultConfigurationIsVisible = 0;
			defaultConfigurationName = Release;
		};
/* End XCConfigurationList section */
	};
	rootObject = 5B0C4D101CB7ADF100A858DD /* Project object */;
}
